
Microsoft Visual Studio Solution File, Format Version 12.00
# Visual Studio 14
VisualStudioVersion = 14.0.23107.0
MinimumVisualStudioVersion = 10.0.40219.1
Project("{FAE04EC0-301F-11D3-BF4B-00C04F79EFBC}") = "Eagleslist", "Eagleslist\Eagleslist.csproj", "{DE5071E2-6279-4A01-BD36-76138891AB7F}"
EndProject
Project("{FAE04EC0-301F-11D3-BF4B-00C04F79EFBC}") = "EagleslistTests", "EagleslistTests\EagleslistTests.csproj", "{581756C2-9FA2-4457-BF70-FF99D599C356}"
EndProject
Global
	GlobalSection(SolutionConfigurationPlatforms) = preSolution
		Debug|Any CPU = Debug|Any CPU
		Release|Any CPU = Release|Any CPU
		Run|Any CPU = Run|Any CPU
	EndGlobalSection
	GlobalSection(ProjectConfigurationPlatforms) = postSolution
		{DE5071E2-6279-4A01-BD36-76138891AB7F}.Debug|Any CPU.ActiveCfg = Debug|Any CPU
		{DE5071E2-6279-4A01-BD36-76138891AB7F}.Debug|Any CPU.Build.0 = Debug|Any CPU
		{DE5071E2-6279-4A01-BD36-76138891AB7F}.Release|Any CPU.ActiveCfg = Release|Any CPU
		{DE5071E2-6279-4A01-BD36-76138891AB7F}.Release|Any CPU.Build.0 = Release|Any CPU
		{DE5071E2-6279-4A01-BD36-76138891AB7F}.Run|Any CPU.ActiveCfg = Run|Any CPU
		{DE5071E2-6279-4A01-BD36-76138891AB7F}.Run|Any CPU.Build.0 = Run|Any CPU
		{581756C2-9FA2-4457-BF70-FF99D599C356}.Debug|Any CPU.ActiveCfg = Debug|Any CPU
		{581756C2-9FA2-4457-BF70-FF99D599C356}.Debug|Any CPU.Build.0 = Debug|Any CPU
		{581756C2-9FA2-4457-BF70-FF99D599C356}.Release|Any CPU.ActiveCfg = Release|Any CPU
		{581756C2-9FA2-4457-BF70-FF99D599C356}.Release|Any CPU.Build.0 = Release|Any CPU
		{581756C2-9FA2-4457-BF70-FF99D599C356}.Run|Any CPU.ActiveCfg = Run|Any CPU
		{581756C2-9FA2-4457-BF70-FF99D599C356}.Run|Any CPU.Build.0 = Run|Any CPU
	EndGlobalSection
	GlobalSection(SolutionProperties) = preSolution
		HideSolutionNode = FALSE
	EndGlobalSection
EndGlobal
